FORGE
  remote: https://forgeapi.puppetlabs.com
  specs:
    michaeltchapman-galera (0.1.0)
      puppetlabs-apt (<= 1.7.0, >= 1.4.1)
      puppetlabs-firewall (>= 1.0.0)
      puppetlabs-mysql (>= 2.2.0)
      puppetlabs-stdlib (>= 4.1.0)
      puppetlabs-xinetd (>= 1.3.0)
    nanliu-staging (1.0.3)
    puppetlabs-apt (1.7.0)
      puppetlabs-stdlib (>= 2.2.1)
    puppetlabs-firewall (1.8.1)
    puppetlabs-mysql (3.7.0)
      nanliu-staging (< 2.0.0, >= 1.0.1)
      puppetlabs-stdlib (< 5.0.0, >= 3.2.0)
    puppetlabs-stdlib (4.12.0)
    puppetlabs-xinetd (1.5.0)
      puppetlabs-stdlib (>= 2.2.1)

DEPENDENCIES
  michaeltchapman-galera (>= 0)
  puppetlabs-mysql (>= 0)
  puppetlabs-stdlib (>= 0)

